
Microsoft Visual Studio Solution File, Format Version 12.00
# Visual Studio 15
VisualStudioVersion = 15.0.28307.852
MinimumVisualStudioVersion = 10.0.40219.1
Project("{FAE04EC0-301F-11D3-BF4B-00C04F79EFBC}") = "RTS GAME 2019", "RTS GAME 2019\RTS GAME 2019.csproj", "{BE56CCA3-6229-40D3-B3CD-BBD8ABF200B6}"
EndProject
Global
	GlobalSection(SolutionConfigurationPlatforms) = preSolution
		Debug|Any CPU = Debug|Any CPU
		Release|Any CPU = Release|Any CPU
	EndGlobalSection
	GlobalSection(ProjectConfigurationPlatforms) = postSolution
		{BE56CCA3-6229-40D3-B3CD-BBD8ABF200B6}.Debug|Any CPU.ActiveCfg = Debug|Any CPU
		{BE56CCA3-6229-40D3-B3CD-BBD8ABF200B6}.Debug|Any CPU.Build.0 = Debug|Any CPU
		{BE56CCA3-6229-40D3-B3CD-BBD8ABF200B6}.Release|Any CPU.ActiveCfg = Release|Any CPU
		{BE56CCA3-6229-40D3-B3CD-BBD8ABF200B6}.Release|Any CPU.Build.0 = Release|Any CPU
	EndGlobalSection
	GlobalSection(SolutionProperties) = preSolution
		HideSolutionNode = FALSE
	EndGlobalSection
	GlobalSection(ExtensibilityGlobals) = postSolution
		SolutionGuid = {B018A85E-634C-4080-AAAB-9BD284F60CD2}
	EndGlobalSection
EndGlobal
